
Microsoft Visual Studio Solution File, Format Version 12.00
# Visual Studio Version 17
VisualStudioVersion = 17.7.34221.43
MinimumVisualStudioVersion = 10.0.40219.1
Project("{9A19103F-16F7-4668-BE54-9A1E7A4F7556}") = "RazorPagesDemo", "RazorPagesDemo.csproj", "{D8040AEE-4DF8-4FA7-A33A-30859342CF13}"
EndProject
Global
	GlobalSection(SolutionConfigurationPlatforms) = preSolution
		Debug|Any CPU = Debug|Any CPU
		Release|Any CPU = Release|Any CPU
	EndGlobalSection
	GlobalSection(ProjectConfigurationPlatforms) = postSolution
		{D8040AEE-4DF8-4FA7-A33A-30859342CF13}.Debug|Any CPU.ActiveCfg = Debug|Any CPU
		{D8040AEE-4DF8-4FA7-A33A-30859342CF13}.Debug|Any CPU.Build.0 = Debug|Any CPU
		{D8040AEE-4DF8-4FA7-A33A-30859342CF13}.Release|Any CPU.ActiveCfg = Release|Any CPU
		{D8040AEE-4DF8-4FA7-A33A-30859342CF13}.Release|Any CPU.Build.0 = Release|Any CPU
	EndGlobalSection
	GlobalSection(SolutionProperties) = preSolution
		HideSolutionNode = FALSE
	EndGlobalSection
	GlobalSection(ExtensibilityGlobals) = postSolution
		SolutionGuid = {FFEFB3E9-12D4-4697-8923-552AE1CC7817}
	EndGlobalSection
EndGlobal
