
Microsoft Visual Studio Solution File, Format Version 12.00
# Visual Studio Version 17
VisualStudioVersion = 17.7.34221.43
MinimumVisualStudioVersion = 10.0.40219.1
Project("{FAE04EC0-301F-11D3-BF4B-00C04F79EFBC}") = "WebAPI_CrossSiteScriptingDemo", "WebAPI_CrossSiteScriptingDemo.csproj", "{3BA06B3F-42D9-45F1-B5A1-82500667EEA0}"
EndProject
Global
	GlobalSection(SolutionConfigurationPlatforms) = preSolution
		Debug|Any CPU = Debug|Any CPU
		Release|Any CPU = Release|Any CPU
	EndGlobalSection
	GlobalSection(ProjectConfigurationPlatforms) = postSolution
		{3BA06B3F-42D9-45F1-B5A1-82500667EEA0}.Debug|Any CPU.ActiveCfg = Debug|Any CPU
		{3BA06B3F-42D9-45F1-B5A1-82500667EEA0}.Debug|Any CPU.Build.0 = Debug|Any CPU
		{3BA06B3F-42D9-45F1-B5A1-82500667EEA0}.Release|Any CPU.ActiveCfg = Release|Any CPU
		{3BA06B3F-42D9-45F1-B5A1-82500667EEA0}.Release|Any CPU.Build.0 = Release|Any CPU
	EndGlobalSection
	GlobalSection(SolutionProperties) = preSolution
		HideSolutionNode = FALSE
	EndGlobalSection
	GlobalSection(ExtensibilityGlobals) = postSolution
		SolutionGuid = {FD033F2D-379B-436E-8F25-A8C07BC22F8A}
	EndGlobalSection
EndGlobal
