
Microsoft Visual Studio Solution File, Format Version 12.00
# Visual Studio Version 17
VisualStudioVersion = 17.7.34221.43
MinimumVisualStudioVersion = 10.0.40219.1
Project("{FAE04EC0-301F-11D3-BF4B-00C04F79EFBC}") = "Identity_CustomDemo", "Identity_CustomDemo.csproj", "{A2FD8279-0942-4C48-BD4D-E1B833CFF091}"
EndProject
Global
	GlobalSection(SolutionConfigurationPlatforms) = preSolution
		Debug|Any CPU = Debug|Any CPU
		Release|Any CPU = Release|Any CPU
	EndGlobalSection
	GlobalSection(ProjectConfigurationPlatforms) = postSolution
		{A2FD8279-0942-4C48-BD4D-E1B833CFF091}.Debug|Any CPU.ActiveCfg = Debug|Any CPU
		{A2FD8279-0942-4C48-BD4D-E1B833CFF091}.Debug|Any CPU.Build.0 = Debug|Any CPU
		{A2FD8279-0942-4C48-BD4D-E1B833CFF091}.Release|Any CPU.ActiveCfg = Release|Any CPU
		{A2FD8279-0942-4C48-BD4D-E1B833CFF091}.Release|Any CPU.Build.0 = Release|Any CPU
	EndGlobalSection
	GlobalSection(SolutionProperties) = preSolution
		HideSolutionNode = FALSE
	EndGlobalSection
	GlobalSection(ExtensibilityGlobals) = postSolution
		SolutionGuid = {1E0E5C2D-E716-417E-B32D-728083EE7102}
	EndGlobalSection
EndGlobal
