
Microsoft Visual Studio Solution File, Format Version 12.00
# Visual Studio Version 17
VisualStudioVersion = 17.7.34221.43
MinimumVisualStudioVersion = 10.0.40219.1
Project("{FAE04EC0-301F-11D3-BF4B-00C04F79EFBC}") = "WebAPICRUD_DBFirst", "WebAPICRUD_DBFirst.csproj", "{5E7D2237-650A-4E04-9DF5-DEB1E9828D3F}"
EndProject
Global
	GlobalSection(SolutionConfigurationPlatforms) = preSolution
		Debug|Any CPU = Debug|Any CPU
		Release|Any CPU = Release|Any CPU
	EndGlobalSection
	GlobalSection(ProjectConfigurationPlatforms) = postSolution
		{5E7D2237-650A-4E04-9DF5-DEB1E9828D3F}.Debug|Any CPU.ActiveCfg = Debug|Any CPU
		{5E7D2237-650A-4E04-9DF5-DEB1E9828D3F}.Debug|Any CPU.Build.0 = Debug|Any CPU
		{5E7D2237-650A-4E04-9DF5-DEB1E9828D3F}.Release|Any CPU.ActiveCfg = Release|Any CPU
		{5E7D2237-650A-4E04-9DF5-DEB1E9828D3F}.Release|Any CPU.Build.0 = Release|Any CPU
	EndGlobalSection
	GlobalSection(SolutionProperties) = preSolution
		HideSolutionNode = FALSE
	EndGlobalSection
	GlobalSection(ExtensibilityGlobals) = postSolution
		SolutionGuid = {0DA44C69-9B43-47A7-877B-FE852FFF27E1}
	EndGlobalSection
EndGlobal
