
Microsoft Visual Studio Solution File, Format Version 12.00
# Visual Studio Version 17
VisualStudioVersion = 17.7.34221.43
MinimumVisualStudioVersion = 10.0.40219.1
Project("{FAE04EC0-301F-11D3-BF4B-00C04F79EFBC}") = "RazorConfig_and_Middlware_Demo", "RazorConfig_and_Middlware_Demo.csproj", "{6576DF75-DBFB-4353-9BC5-48FC84BA2EF2}"
EndProject
Global
	GlobalSection(SolutionConfigurationPlatforms) = preSolution
		Debug|Any CPU = Debug|Any CPU
		Release|Any CPU = Release|Any CPU
	EndGlobalSection
	GlobalSection(ProjectConfigurationPlatforms) = postSolution
		{6576DF75-DBFB-4353-9BC5-48FC84BA2EF2}.Debug|Any CPU.ActiveCfg = Debug|Any CPU
		{6576DF75-DBFB-4353-9BC5-48FC84BA2EF2}.Debug|Any CPU.Build.0 = Debug|Any CPU
		{6576DF75-DBFB-4353-9BC5-48FC84BA2EF2}.Release|Any CPU.ActiveCfg = Release|Any CPU
		{6576DF75-DBFB-4353-9BC5-48FC84BA2EF2}.Release|Any CPU.Build.0 = Release|Any CPU
	EndGlobalSection
	GlobalSection(SolutionProperties) = preSolution
		HideSolutionNode = FALSE
	EndGlobalSection
	GlobalSection(ExtensibilityGlobals) = postSolution
		SolutionGuid = {16E29647-59FF-4E8B-8ED5-0BBE48E83B17}
	EndGlobalSection
EndGlobal
