
Microsoft Visual Studio Solution File, Format Version 12.00
# Visual Studio Version 17
VisualStudioVersion = 17.7.34221.43
MinimumVisualStudioVersion = 10.0.40219.1
Project("{FAE04EC0-301F-11D3-BF4B-00C04F79EFBC}") = "WebAPI_VersioningDemo", "WebAPI_VersioningDemo.csproj", "{B60F15AD-2549-4809-B83E-2A70F811619A}"
EndProject
Global
	GlobalSection(SolutionConfigurationPlatforms) = preSolution
		Debug|Any CPU = Debug|Any CPU
		Release|Any CPU = Release|Any CPU
	EndGlobalSection
	GlobalSection(ProjectConfigurationPlatforms) = postSolution
		{B60F15AD-2549-4809-B83E-2A70F811619A}.Debug|Any CPU.ActiveCfg = Debug|Any CPU
		{B60F15AD-2549-4809-B83E-2A70F811619A}.Debug|Any CPU.Build.0 = Debug|Any CPU
		{B60F15AD-2549-4809-B83E-2A70F811619A}.Release|Any CPU.ActiveCfg = Release|Any CPU
		{B60F15AD-2549-4809-B83E-2A70F811619A}.Release|Any CPU.Build.0 = Release|Any CPU
	EndGlobalSection
	GlobalSection(SolutionProperties) = preSolution
		HideSolutionNode = FALSE
	EndGlobalSection
	GlobalSection(ExtensibilityGlobals) = postSolution
		SolutionGuid = {73BBE34F-5DB3-427C-BD15-3518D9F4E320}
	EndGlobalSection
EndGlobal
