
Microsoft Visual Studio Solution File, Format Version 12.00
# Visual Studio Version 17
VisualStudioVersion = 17.7.34221.43
MinimumVisualStudioVersion = 10.0.40219.1
Project("{FAE04EC0-301F-11D3-BF4B-00C04F79EFBC}") = "WebApIDemo", "WebApIDemo.csproj", "{0716387B-967E-4694-AD71-CE8DC6E9976A}"
EndProject
Global
	GlobalSection(SolutionConfigurationPlatforms) = preSolution
		Debug|Any CPU = Debug|Any CPU
		Release|Any CPU = Release|Any CPU
	EndGlobalSection
	GlobalSection(ProjectConfigurationPlatforms) = postSolution
		{0716387B-967E-4694-AD71-CE8DC6E9976A}.Debug|Any CPU.ActiveCfg = Debug|Any CPU
		{0716387B-967E-4694-AD71-CE8DC6E9976A}.Debug|Any CPU.Build.0 = Debug|Any CPU
		{0716387B-967E-4694-AD71-CE8DC6E9976A}.Release|Any CPU.ActiveCfg = Release|Any CPU
		{0716387B-967E-4694-AD71-CE8DC6E9976A}.Release|Any CPU.Build.0 = Release|Any CPU
	EndGlobalSection
	GlobalSection(SolutionProperties) = preSolution
		HideSolutionNode = FALSE
	EndGlobalSection
	GlobalSection(ExtensibilityGlobals) = postSolution
		SolutionGuid = {30D2FFCB-9070-49CA-BC55-15F1A9E91BBE}
	EndGlobalSection
EndGlobal
